
Microsoft Visual Studio Solution File, Format Version 12.00
# Visual Studio 14
VisualStudioVersion = 14.0.25420.1
MinimumVisualStudioVersion = 10.0.40219.1
Project("{FAE04EC0-301F-11D3-BF4B-00C04F79EFBC}") = "Sprint 3 V1", "Sprint 3 V1\Sprint 3 V1.csproj", "{CCF60C2D-7060-43B3-BF89-6974F02E7CDC}"
EndProject
Project("{FAE04EC0-301F-11D3-BF4B-00C04F79EFBC}") = "Sprint 3 V1.Tests", "Sprint 3 V1.Tests\Sprint 3 V1.Tests.csproj", "{24A6AD3E-21A1-424F-9445-6BE23AEE1107}"
EndProject
Global
	GlobalSection(SolutionConfigurationPlatforms) = preSolution
		Debug|Any CPU = Debug|Any CPU
		Release|Any CPU = Release|Any CPU
	EndGlobalSection
	GlobalSection(ProjectConfigurationPlatforms) = postSolution
		{CCF60C2D-7060-43B3-BF89-6974F02E7CDC}.Debug|Any CPU.ActiveCfg = Debug|Any CPU
		{CCF60C2D-7060-43B3-BF89-6974F02E7CDC}.Debug|Any CPU.Build.0 = Debug|Any CPU
		{CCF60C2D-7060-43B3-BF89-6974F02E7CDC}.Release|Any CPU.ActiveCfg = Release|Any CPU
		{CCF60C2D-7060-43B3-BF89-6974F02E7CDC}.Release|Any CPU.Build.0 = Release|Any CPU
		{24A6AD3E-21A1-424F-9445-6BE23AEE1107}.Debug|Any CPU.ActiveCfg = Debug|Any CPU
		{24A6AD3E-21A1-424F-9445-6BE23AEE1107}.Debug|Any CPU.Build.0 = Debug|Any CPU
		{24A6AD3E-21A1-424F-9445-6BE23AEE1107}.Release|Any CPU.ActiveCfg = Release|Any CPU
		{24A6AD3E-21A1-424F-9445-6BE23AEE1107}.Release|Any CPU.Build.0 = Release|Any CPU
	EndGlobalSection
	GlobalSection(SolutionProperties) = preSolution
		HideSolutionNode = FALSE
	EndGlobalSection
EndGlobal
